
Microsoft Visual Studio Solution File, Format Version 12.00
# Visual Studio Version 17
VisualStudioVersion = 17.14.36414.22 d17.14
MinimumVisualStudioVersion = 10.0.40219.1
Project("{FAE04EC0-301F-11D3-BF4B-00C04F79EFBC}") = "Gulf-Chatbot-API", "Gulf-Chatbot-API\Gulf-Chatbot-API.csproj", "{62D79F8B-19D4-4A7A-873C-EA0BA471673F}"
EndProject
Global
	GlobalSection(SolutionConfigurationPlatforms) = preSolution
		Debug|Any CPU = Debug|Any CPU
		Release|Any CPU = Release|Any CPU
	EndGlobalSection
	GlobalSection(ProjectConfigurationPlatforms) = postSolution
		{62D79F8B-19D4-4A7A-873C-EA0BA471673F}.Debug|Any CPU.ActiveCfg = Debug|Any CPU
		{62D79F8B-19D4-4A7A-873C-EA0BA471673F}.Debug|Any CPU.Build.0 = Debug|Any CPU
		{62D79F8B-19D4-4A7A-873C-EA0BA471673F}.Release|Any CPU.ActiveCfg = Release|Any CPU
		{62D79F8B-19D4-4A7A-873C-EA0BA471673F}.Release|Any CPU.Build.0 = Release|Any CPU
	EndGlobalSection
	GlobalSection(SolutionProperties) = preSolution
		HideSolutionNode = FALSE
	EndGlobalSection
	GlobalSection(ExtensibilityGlobals) = postSolution
		SolutionGuid = {630A7C07-BA8F-48ED-AECF-9ED9EE2B353B}
	EndGlobalSection
EndGlobal
